
Microsoft Visual Studio Solution File, Format Version 12.00
# Visual Studio Version 16
VisualStudioVersion = 16.0.30204.135
MinimumVisualStudioVersion = 10.0.40219.1
Project("{FAE04EC0-301F-11D3-BF4B-00C04F79EFBC}") = "Zoo", "Zoo\Zoo.csproj", "{F00085BD-442A-4809-A7E2-9FF784418BA2}"
EndProject
Project("{FAE04EC0-301F-11D3-BF4B-00C04F79EFBC}") = "UnitTests", "UnitTests\UnitTests.csproj", "{C965518A-CC28-4FE0-9DBC-02BC2C15DE3C}"
EndProject
Global
	GlobalSection(SolutionConfigurationPlatforms) = preSolution
		Debug|Any CPU = Debug|Any CPU
		Release|Any CPU = Release|Any CPU
	EndGlobalSection
	GlobalSection(ProjectConfigurationPlatforms) = postSolution
		{F00085BD-442A-4809-A7E2-9FF784418BA2}.Debug|Any CPU.ActiveCfg = Debug|Any CPU
		{F00085BD-442A-4809-A7E2-9FF784418BA2}.Debug|Any CPU.Build.0 = Debug|Any CPU
		{F00085BD-442A-4809-A7E2-9FF784418BA2}.Release|Any CPU.ActiveCfg = Release|Any CPU
		{F00085BD-442A-4809-A7E2-9FF784418BA2}.Release|Any CPU.Build.0 = Release|Any CPU
		{C965518A-CC28-4FE0-9DBC-02BC2C15DE3C}.Debug|Any CPU.ActiveCfg = Debug|Any CPU
		{C965518A-CC28-4FE0-9DBC-02BC2C15DE3C}.Debug|Any CPU.Build.0 = Debug|Any CPU
		{C965518A-CC28-4FE0-9DBC-02BC2C15DE3C}.Release|Any CPU.ActiveCfg = Release|Any CPU
		{C965518A-CC28-4FE0-9DBC-02BC2C15DE3C}.Release|Any CPU.Build.0 = Release|Any CPU
	EndGlobalSection
	GlobalSection(SolutionProperties) = preSolution
		HideSolutionNode = FALSE
	EndGlobalSection
	GlobalSection(ExtensibilityGlobals) = postSolution
		SolutionGuid = {2B804C1A-0E1E-4EFE-9ABC-2D756AEAB761}
	EndGlobalSection
EndGlobal
